
Microsoft Visual Studio Solution File, Format Version 12.00
# Visual Studio Version 16
VisualStudioVersion = 16.0.30413.136
MinimumVisualStudioVersion = 10.0.40219.1
Project("{FAE04EC0-301F-11D3-BF4B-00C04F79EFBC}") = "Asincronico", "ConsoleApp1\Asincronico.csproj", "{015C7FDF-980D-420A-A775-05BAD86C1AD1}"
EndProject
Global
	GlobalSection(SolutionConfigurationPlatforms) = preSolution
		Debug|Any CPU = Debug|Any CPU
		Release|Any CPU = Release|Any CPU
	EndGlobalSection
	GlobalSection(ProjectConfigurationPlatforms) = postSolution
		{015C7FDF-980D-420A-A775-05BAD86C1AD1}.Debug|Any CPU.ActiveCfg = Debug|Any CPU
		{015C7FDF-980D-420A-A775-05BAD86C1AD1}.Debug|Any CPU.Build.0 = Debug|Any CPU
		{015C7FDF-980D-420A-A775-05BAD86C1AD1}.Release|Any CPU.ActiveCfg = Release|Any CPU
		{015C7FDF-980D-420A-A775-05BAD86C1AD1}.Release|Any CPU.Build.0 = Release|Any CPU
	EndGlobalSection
	GlobalSection(SolutionProperties) = preSolution
		HideSolutionNode = FALSE
	EndGlobalSection
	GlobalSection(ExtensibilityGlobals) = postSolution
		SolutionGuid = {F618852E-2978-4415-9873-E92200F198D8}
	EndGlobalSection
EndGlobal
